
Microsoft Visual Studio Solution File, Format Version 12.00
# Visual Studio Version 16
VisualStudioVersion = 16.0.808.0
MinimumVisualStudioVersion = 10.0.40219.1
Project("{FAE04EC0-301F-11D3-BF4B-00C04F79EFBC}") = "ClassLibrary", "ClassLibrary.csproj", "{0DBAF449-446E-49A8-8026-59EE36EABA5B}"
EndProject
Project("{FAE04EC0-301F-11D3-BF4B-00C04F79EFBC}") = "VGShopConsoleApp", "..\VGShopConsoleApp\VGShopConsoleApp.csproj", "{76F8E107-60B4-4596-802E-F0BDC442E870}"
EndProject
Global
	GlobalSection(SolutionConfigurationPlatforms) = preSolution
		Debug|Any CPU = Debug|Any CPU
		Release|Any CPU = Release|Any CPU
	EndGlobalSection
	GlobalSection(ProjectConfigurationPlatforms) = postSolution
		{0DBAF449-446E-49A8-8026-59EE36EABA5B}.Debug|Any CPU.ActiveCfg = Debug|Any CPU
		{0DBAF449-446E-49A8-8026-59EE36EABA5B}.Debug|Any CPU.Build.0 = Debug|Any CPU
		{0DBAF449-446E-49A8-8026-59EE36EABA5B}.Release|Any CPU.ActiveCfg = Release|Any CPU
		{0DBAF449-446E-49A8-8026-59EE36EABA5B}.Release|Any CPU.Build.0 = Release|Any CPU
		{76F8E107-60B4-4596-802E-F0BDC442E870}.Debug|Any CPU.ActiveCfg = Debug|Any CPU
		{76F8E107-60B4-4596-802E-F0BDC442E870}.Debug|Any CPU.Build.0 = Debug|Any CPU
		{76F8E107-60B4-4596-802E-F0BDC442E870}.Release|Any CPU.ActiveCfg = Release|Any CPU
		{76F8E107-60B4-4596-802E-F0BDC442E870}.Release|Any CPU.Build.0 = Release|Any CPU
	EndGlobalSection
	GlobalSection(SolutionProperties) = preSolution
		HideSolutionNode = FALSE
	EndGlobalSection
	GlobalSection(ExtensibilityGlobals) = postSolution
		SolutionGuid = {B0787CCA-9B04-487B-BCCE-CCD795731447}
	EndGlobalSection
EndGlobal
